
Microsoft Visual Studio Solution File, Format Version 12.00
Project("{FAE04EC0-301F-11D3-BF4B-00C04F79EFBC}") = "docker-dotnet-exercise", "docker-dotnet-exercise\docker-dotnet-exercise.csproj", "{84B7F0B1-B1FA-4CAF-81B0-4B52A858866D}"
EndProject
Global
	GlobalSection(SolutionConfigurationPlatforms) = preSolution
		Debug|Any CPU = Debug|Any CPU
		Release|Any CPU = Release|Any CPU
	EndGlobalSection
	GlobalSection(ProjectConfigurationPlatforms) = postSolution
		{84B7F0B1-B1FA-4CAF-81B0-4B52A858866D}.Debug|Any CPU.ActiveCfg = Debug|Any CPU
		{84B7F0B1-B1FA-4CAF-81B0-4B52A858866D}.Debug|Any CPU.Build.0 = Debug|Any CPU
		{84B7F0B1-B1FA-4CAF-81B0-4B52A858866D}.Release|Any CPU.ActiveCfg = Release|Any CPU
		{84B7F0B1-B1FA-4CAF-81B0-4B52A858866D}.Release|Any CPU.Build.0 = Release|Any CPU
	EndGlobalSection
EndGlobal
